// !$*UTF8*$!
{
	archiveVersion = 1;
	classes = {
	};
	objectVersion = 46;
	objects = {

/* Begin PBXBuildFile section */
		EA6810C61A9F338A00DF48F6 /* main.m in Sources */ = {isa = PBXBuildFile; fileRef = EA6810C51A9F338A00DF48F6 /* main.m */; };
		EA6810C91A9F338A00DF48F6 /* AppDelegate.m in Sources */ = {isa = PBXBuildFile; fileRef = EA6810C81A9F338A00DF48F6 /* AppDelegate.m */; };
		EA6810CC1A9F338A00DF48F6 /* ViewController.m in Sources */ = {isa = PBXBuildFile; fileRef = EA6810CB1A9F338A00DF48F6 /* ViewController.m */; };
		EA6810CF1A9F338A00DF48F6 /* Main.storyboard in Resources */ = {isa = PBXBuildFile; fileRef = EA6810CD1A9F338A00DF48F6 /* Main.storyboard */; };
		EA6810D11A9F338A00DF48F6 /* Images.xcassets in Resources */ = {isa = PBXBuildFile; fileRef = EA6810D01A9F338A00DF48F6 /* Images.xcassets */; };
		EA6810D41A9F338A00DF48F6 /* LaunchScreen.xib in Resources */ = {isa = PBXBuildFile; fileRef = EA6810D21A9F338A00DF48F6 /* LaunchScreen.xib */; };
		EA6810E01A9F338A00DF48F6 /* ankiTests.m in Sources */ = {isa = PBXBuildFile; fileRef = EA6810DF1A9F338A00DF48F6 /* ankiTests.m */; };
		EA6810EB1A9F391200DF48F6 /* ViewControllerAnki.m in Sources */ = {isa = PBXBuildFile; fileRef = EA6810EA1A9F391200DF48F6 /* ViewControllerAnki.m */; };
		EABC920F1AA06C4C0058F79B /* ViewControllerMinaoshi.m in Sources */ = {isa = PBXBuildFile; fileRef = EABC920E1AA06C4C0058F79B /* ViewControllerMinaoshi.m */; };
/* End PBXBuildFile section */

/* Begin PBXContainerItemProxy section */
		EA6810DA1A9F338A00DF48F6 /* PBXContainerItemProxy */ = {
			isa = PBXContainerItemProxy;
			containerPortal = EA6810B81A9F338A00DF48F6 /* Project object */;
			proxyType = 1;
			remoteGlobalIDString = EA6810BF1A9F338A00DF48F6;
			remoteInfo = anki;
		};
/* End PBXContainerItemProxy section */

/* Begin PBXFileReference section */
		EA6810C01A9F338A00DF48F6 /* anki.app */ = {isa = PBXFileReference; explicitFileType = wrapper.application; includeInIndex = 0; path = anki.app; sourceTree = BUILT_PRODUCTS_DIR; };
		EA6810C41A9F338A00DF48F6 /* Info.plist */ = {isa = PBXFileReference; lastKnownFileType = text.plist.xml; path = Info.plist; sourceTree = "<group>"; };
		EA6810C51A9F338A00DF48F6 /* main.m */ = {isa = PBXFileReference; lastKnownFileType = sourcecode.c.objc; path = main.m; sourceTree = "<group>"; };
		EA6810C71A9F338A00DF48F6 /* AppDelegate.h */ = {isa = PBXFileReference; lastKnownFileType = sourcecode.c.h; path = AppDelegate.h; sourceTree = "<group>"; };
		EA6810C81A9F338A00DF48F6 /* AppDelegate.m */ = {isa = PBXFileReference; lastKnownFileType = sourcecode.c.objc; path = AppDelegate.m; sourceTree = "<group>"; };
		EA6810CA1A9F338A00DF48F6 /* ViewController.h */ = {isa = PBXFileReference; lastKnownFileType = sourcecode.c.h; path = ViewController.h; sourceTree = "<group>"; };
		EA6810CB1A9F338A00DF48F6 /* ViewController.m */ = {isa = PBXFileReference; lastKnownFileType = sourcecode.c.objc; path = ViewController.m; sourceTree = "<group>"; };
		EA6810CE1A9F338A00DF48F6 /* Base */ = {isa = PBXFileReference; lastKnownFileType = file.storyboard; name = Base; path = Base.lproj/Main.storyboard; sourceTree = "<group>"; };
		EA6810D01A9F338A00DF48F6 /* Images.xcassets */ = {isa = PBXFileReference; lastKnownFileType = folder.assetcatalog; path = Images.xcassets; sourceTree = "<group>"; };
		EA6810D31A9F338A00DF48F6 /* Base */ = {isa = PBXFileReference; lastKnownFileType = file.xib; name = Base; path = Base.lproj/LaunchScreen.xib; sourceTree = "<group>"; };
		EA6810D91A9F338A00DF48F6 /* ankiTests.xctest */ = {isa = PBXFileReference; explicitFileType = wrapper.cfbundle; includeInIndex = 0; path = ankiTests.xctest; sourceTree = BUILT_PRODUCTS_DIR; };
		EA6810DE1A9F338A00DF48F6 /* Info.plist */ = {isa = PBXFileReference; lastKnownFileType = text.plist.xml; path = Info.plist; sourceTree = "<group>"; };
		EA6810DF1A9F338A00DF48F6 /* ankiTests.m */ = {isa = PBXFileReference; lastKnownFileType = sourcecode.c.objc; path = ankiTests.m; sourceTree = "<group>"; };
		EA6810E91A9F391200DF48F6 /* ViewControllerAnki.h */ = {isa = PBXFileReference; fileEncoding = 4; lastKnownFileType = sourcecode.c.h; path = ViewControllerAnki.h; sourceTree = "<group>"; };
		EA6810EA1A9F391200DF48F6 /* ViewControllerAnki.m */ = {isa = PBXFileReference; fileEncoding = 4; lastKnownFileType = sourcecode.c.objc; path = ViewControllerAnki.m; sourceTree = "<group>"; };
		EABC920D1AA06C4C0058F79B /* ViewControllerMinaoshi.h */ = {isa = PBXFileReference; fileEncoding = 4; lastKnownFileType = sourcecode.c.h; path = ViewControllerMinaoshi.h; sourceTree = "<group>"; };
		EABC920E1AA06C4C0058F79B /* ViewControllerMinaoshi.m */ = {isa = PBXFileReference; fileEncoding = 4; lastKnownFileType = sourcecode.c.objc; path = ViewControllerMinaoshi.m; sourceTree = "<group>"; };
/* End PBXFileReference section */

/* Begin PBXFrameworksBuildPhase section */
		EA6810BD1A9F338A00DF48F6 /* Frameworks */ = {
			isa = PBXFrameworksBuildPhase;
			buildActionMask = 2147483647;
			files = (
			);
			runOnlyForDeploymentPostprocessing = 0;
		};
		EA6810D61A9F338A00DF48F6 /* Frameworks */ = {
			isa = PBXFrameworksBuildPhase;
			buildActionMask = 2147483647;
			files = (
			);
			runOnlyForDeploymentPostprocessing = 0;
		};
/* End PBXFrameworksBuildPhase section */

/* Begin PBXGroup section */
		EA6810B71A9F338A00DF48F6 = {
			isa = PBXGroup;
			children = (
				EA6810C21A9F338A00DF48F6 /* anki */,
				EA6810DC1A9F338A00DF48F6 /* ankiTests */,
				EA6810C11A9F338A00DF48F6 /* Products */,
			);
			sourceTree = "<group>";
		};
		EA6810C11A9F338A00DF48F6 /* Products */ = {
			isa = PBXGroup;
			children = (
				EA6810C01A9F338A00DF48F6 /* anki.app */,
				EA6810D91A9F338A00DF48F6 /* ankiTests.xctest */,
			);
			name = Products;
			sourceTree = "<group>";
		};
		EA6810C21A9F338A00DF48F6 /* anki */ = {
			isa = PBXGroup;
			children = (
				EA6810C71A9F338A00DF48F6 /* AppDelegate.h */,
				EA6810C81A9F338A00DF48F6 /* AppDelegate.m */,
				EA6810CA1A9F338A00DF48F6 /* ViewController.h */,
				EA6810CB1A9F338A00DF48F6 /* ViewController.m */,
				EA6810E91A9F391200DF48F6 /* ViewControllerAnki.h */,
				EA6810EA1A9F391200DF48F6 /* ViewControllerAnki.m */,
				EABC920D1AA06C4C0058F79B /* ViewControllerMinaoshi.h */,
				EABC920E1AA06C4C0058F79B /* ViewControllerMinaoshi.m */,
				EA6810CD1A9F338A00DF48F6 /* Main.storyboard */,
				EA6810D01A9F338A00DF48F6 /* Images.xcassets */,
				EA6810D21A9F338A00DF48F6 /* LaunchScreen.xib */,
				EA6810C31A9F338A00DF48F6 /* Supporting Files */,
			);
			path = anki;
			sourceTree = "<group>";
		};
		EA6810C31A9F338A00DF48F6 /* Supporting Files */ = {
			isa = PBXGroup;
			children = (
				EA6810C41A9F338A00DF48F6 /* Info.plist */,
				EA6810C51A9F338A00DF48F6 /* main.m */,
			);
			name = "Supporting Files";
			sourceTree = "<group>";
		};
		EA6810DC1A9F338A00DF48F6 /* ankiTests */ = {
			isa = PBXGroup;
			children = (
				EA6810DF1A9F338A00DF48F6 /* ankiTests.m */,
				EA6810DD1A9F338A00DF48F6 /* Supporting Files */,
			);
			path = ankiTests;
			sourceTree = "<group>";
		};
		EA6810DD1A9F338A00DF48F6 /* Supporting Files */ = {
			isa = PBXGroup;
			children = (
				EA6810DE1A9F338A00DF48F6 /* Info.plist */,
			);
			name = "Supporting Files";
			sourceTree = "<group>";
		};
/* End PBXGroup section */

/* Begin PBXNativeTarget section */
		EA6810BF1A9F338A00DF48F6 /* anki */ = {
			isa = PBXNativeTarget;
			buildConfigurationList = EA6810E31A9F338A00DF48F6 /* Build configuration list for PBXNativeTarget "anki" */;
			buildPhases = (
				EA6810BC1A9F338A00DF48F6 /* Sources */,
				EA6810BD1A9F338A00DF48F6 /* Frameworks */,
				EA6810BE1A9F338A00DF48F6 /* Resources */,
			);
			buildRules = (
			);
			dependencies = (
			);
			name = anki;
			productName = anki;
			productReference = EA6810C01A9F338A00DF48F6 /* anki.app */;
			productType = "com.apple.product-type.application";
		};
		EA6810D81A9F338A00DF48F6 /* ankiTests */ = {
			isa = PBXNativeTarget;
			buildConfigurationList = EA6810E61A9F338A00DF48F6 /* Build configuration list for PBXNativeTarget "ankiTests" */;
			buildPhases = (
				EA6810D51A9F338A00DF48F6 /* Sources */,
				EA6810D61A9F338A00DF48F6 /* Frameworks */,
				EA6810D71A9F338A00DF48F6 /* Resources */,
			);
			buildRules = (
			);
			dependencies = (
				EA6810DB1A9F338A00DF48F6 /* PBXTargetDependency */,
			);
			name = ankiTests;
			productName = ankiTests;
			productReference = EA6810D91A9F338A00DF48F6 /* ankiTests.xctest */;
			productType = "com.apple.product-type.bundle.unit-test";
		};
/* End PBXNativeTarget section */

/* Begin PBXProject section */
		EA6810B81A9F338A00DF48F6 /* Project object */ = {
			isa = PBXProject;
			attributes = {
				LastUpgradeCheck = 0610;
				ORGANIZATIONNAME = "Mikito Kanamori";
				TargetAttributes = {
					EA6810BF1A9F338A00DF48F6 = {
						CreatedOnToolsVersion = 6.1.1;
					};
					EA6810D81A9F338A00DF48F6 = {
						CreatedOnToolsVersion = 6.1.1;
						TestTargetID = EA6810BF1A9F338A00DF48F6;
					};
				};
			};
			buildConfigurationList = EA6810BB1A9F338A00DF48F6 /* Build configuration list for PBXProject "anki" */;
			compatibilityVersion = "Xcode 3.2";
			developmentRegion = English;
			hasScannedForEncodings = 0;
			knownRegions = (
				en,
				Base,
			);
			mainGroup = EA6810B71A9F338A00DF48F6;
			productRefGroup = EA6810C11A9F338A00DF48F6 /* Products */;
			projectDirPath = "";
			projectRoot = "";
			targets = (
				EA6810BF1A9F338A00DF48F6 /* anki */,
				EA6810D81A9F338A00DF48F6 /* ankiTests */,
			);
		};
/* End PBXProject section */

/* Begin PBXResourcesBuildPhase section */
		EA6810BE1A9F338A00DF48F6 /* Resources */ = {
			isa = PBXResourcesBuildPhase;
			buildActionMask = 2147483647;
			files = (
				EA6810CF1A9F338A00DF48F6 /* Main.storyboard in Resources */,
				EA6810D41A9F338A00DF48F6 /* LaunchScreen.xib in Resources */,
				EA6810D11A9F338A00DF48F6 /* Images.xcassets in Resources */,
			);
			runOnlyForDeploymentPostprocessing = 0;
		};
		EA6810D71A9F338A00DF48F6 /* Resources */ = {
			isa = PBXResourcesBuildPhase;
			buildActionMask = 2147483647;
			files = (
			);
			runOnlyForDeploymentPostprocessing = 0;
		};
/* End PBXResourcesBuildPhase section */

/* Begin PBXSourcesBuildPhase section */
		EA6810BC1A9F338A00DF48F6 /* Sources */ = {
			isa = PBXSourcesBuildPhase;
			buildActionMask = 2147483647;
			files = (
				EA6810CC1A9F338A00DF48F6 /* ViewController.m in Sources */,
				EA6810EB1A9F391200DF48F6 /* ViewControllerAnki.m in Sources */,
				EABC920F1AA06C4C0058F79B /* ViewControllerMinaoshi.m in Sources */,
				EA6810C91A9F338A00DF48F6 /* AppDelegate.m in Sources */,
				EA6810C61A9F338A00DF48F6 /* main.m in Sources */,
			);
			runOnlyForDeploymentPostprocessing = 0;
		};
		EA6810D51A9F338A00DF48F6 /* Sources */ = {
			isa = PBXSourcesBuildPhase;
			buildActionMask = 2147483647;
			files = (
				EA6810E01A9F338A00DF48F6 /* ankiTests.m in Sources */,
			);
			runOnlyForDeploymentPostprocessing = 0;
		};
/* End PBXSourcesBuildPhase section */

/* Begin PBXTargetDependency section */
		EA6810DB1A9F338A00DF48F6 /* PBXTargetDependency */ = {
			isa = PBXTargetDependency;
			target = EA6810BF1A9F338A00DF48F6 /* anki */;
			targetProxy = EA6810DA1A9F338A00DF48F6 /* PBXContainerItemProxy */;
		};
/* End PBXTargetDependency section */

/* Begin PBXVariantGroup section */
		EA6810CD1A9F338A00DF48F6 /* Main.storyboard */ = {
			isa = PBXVariantGroup;
			children = (
				EA6810CE1A9F338A00DF48F6 /* Base */,
			);
			name = Main.storyboard;
			sourceTree = "<group>";
		};
		EA6810D21A9F338A00DF48F6 /* LaunchScreen.xib */ = {
			isa = PBXVariantGroup;
			children = (
				EA6810D31A9F338A00DF48F6 /* Base */,
			);
			name = LaunchScreen.xib;
			sourceTree = "<group>";
		};
/* End PBXVariantGroup section */

/* Begin XCBuildConfiguration section */
		EA6810E11A9F338A00DF48F6 /* Debug */ = {
			isa = XCBuildConfiguration;
			buildSettings = {
				ALWAYS_SEARCH_USER_PATHS = NO;
				CLANG_CXX_LANGUAGE_STANDARD = "gnu++0x";
				CLANG_CXX_LIBRARY = "libc++";
				CLANG_ENABLE_MODULES = YES;
				CLANG_ENABLE_OBJC_ARC = YES;
				CLANG_WARN_BOOL_CONVERSION = YES;
				CLANG_WARN_CONSTANT_CONVERSION = YES;
				CLANG_WARN_DIRECT_OBJC_ISA_USAGE = YES_ERROR;
				CLANG_WARN_EMPTY_BODY = YES;
				CLANG_WARN_ENUM_CONVERSION = YES;
				CLANG_WARN_INT_CONVERSION = YES;
				CLANG_WARN_OBJC_ROOT_CLASS = YES_ERROR;
				CLANG_WARN_UNREACHABLE_CODE = YES;
				CLANG_WARN__DUPLICATE_METHOD_MATCH = YES;
				"CODE_SIGN_IDENTITY[sdk=iphoneos*]" = "iPhone Developer";
				COPY_PHASE_STRIP = NO;
				ENABLE_STRICT_OBJC_MSGSEND = YES;
				GCC_C_LANGUAGE_STANDARD = gnu99;
				GCC_DYNAMIC_NO_PIC = NO;
				GCC_OPTIMIZATION_LEVEL = 0;
				GCC_PREPROCESSOR_DEFINITIONS = (
					"DEBUG=1",
					"$(inherited)",
				);
				GCC_SYMBOLS_PRIVATE_EXTERN = NO;
				GCC_WARN_64_TO_32_BIT_CONVERSION = YES;
				GCC_WARN_ABOUT_RETURN_TYPE = YES_ERROR;
				GCC_WARN_UNDECLARED_SELECTOR = YES;
				GCC_WARN_UNINITIALIZED_AUTOS = YES_AGGRESSIVE;
				GCC_WARN_UNUSED_FUNCTION = YES;
				GCC_WARN_UNUSED_VARIABLE = YES;
				IPHONEOS_DEPLOYMENT_TARGET = 8.1;
				MTL_ENABLE_DEBUG_INFO = YES;
				ONLY_ACTIVE_ARCH = YES;
				SDKROOT = iphoneos;
			};
			name = Debug;
		};
		EA6810E21A9F338A00DF48F6 /* Release */ = {
			isa = XCBuildConfiguration;
			buildSettings = {
				ALWAYS_SEARCH_USER_PATHS = NO;
				CLANG_CXX_LANGUAGE_STANDARD = "gnu++0x";
				CLANG_CXX_LIBRARY = "libc++";
				CLANG_ENABLE_MODULES = YES;
				CLANG_ENABLE_OBJC_ARC = YES;
				CLANG_WARN_BOOL_CONVERSION = YES;
				CLANG_WARN_CONSTANT_CONVERSION = YES;
				CLANG_WARN_DIRECT_OBJC_ISA_USAGE = YES_ERROR;
				CLANG_WARN_EMPTY_BODY = YES;
				CLANG_WARN_ENUM_CONVERSION = YES;
				CLANG_WARN_INT_CONVERSION = YES;
				CLANG_WARN_OBJC_ROOT_CLASS = YES_ERROR;
				CLANG_WARN_UNREACHABLE_CODE = YES;
				CLANG_WARN__DUPLICATE_METHOD_MATCH = YES;
				"CODE_SIGN_IDENTITY[sdk=iphoneos*]" = "iPhone Developer";
				COPY_PHASE_STRIP = YES;
				ENABLE_NS_ASSERTIONS = NO;
				ENABLE_STRICT_OBJC_MSGSEND = YES;
				GCC_C_LANGUAGE_STANDARD = gnu99;
				GCC_WARN_64_TO_32_BIT_CONVERSION = YES;
				GCC_WARN_ABOUT_RETURN_TYPE = YES_ERROR;
				GCC_WARN_UNDECLARED_SELECTOR = YES;
				GCC_WARN_UNINITIALIZED_AUTOS = YES_AGGRESSIVE;
				GCC_WARN_UNUSED_FUNCTION = YES;
				GCC_WARN_UNUSED_VARIABLE = YES;
				IPHONEOS_DEPLOYMENT_TARGET = 8.1;
				MTL_ENABLE_DEBUG_INFO = NO;
				SDKROOT = iphoneos;
				VALIDATE_PRODUCT = YES;
			};
			name = Release;
		};
		EA6810E41A9F338A00DF48F6 /* Debug */ = {
			isa = XCBuildConfiguration;
			buildSettings = {
				ASSETCATALOG_COMPILER_APPICON_NAME = AppIcon;
				INFOPLIST_FILE = anki/Info.plist;
				LD_RUNPATH_SEARCH_PATHS = "$(inherited) @executable_path/Frameworks";
				PRODUCT_NAME = "$(TARGET_NAME)";
			};
			name = Debug;
		};
		EA6810E51A9F338A00DF48F6 /* Release */ = {
			isa = XCBuildConfiguration;
			buildSettings = {
				ASSETCATALOG_COMPILER_APPICON_NAME = AppIcon;
				INFOPLIST_FILE = anki/Info.plist;
				LD_RUNPATH_SEARCH_PATHS = "$(inherited) @executable_path/Frameworks";
				PRODUCT_NAME = "$(TARGET_NAME)";
			};
			name = Release;
		};
		EA6810E71A9F338A00DF48F6 /* Debug */ = {
			isa = XCBuildConfiguration;
			buildSettings = {
				BUNDLE_LOADER = "$(TEST_HOST)";
				FRAMEWORK_SEARCH_PATHS = (
					"$(SDKROOT)/Developer/Library/Frameworks",
					"$(inherited)",
				);
				GCC_PREPROCESSOR_DEFINITIONS = (
					"DEBUG=1",
					"$(inherited)",
				);
				INFOPLIST_FILE = ankiTests/Info.plist;
				LD_RUNPATH_SEARCH_PATHS = "$(inherited) @executable_path/Frameworks @loader_path/Frameworks";
				PRODUCT_NAME = "$(TARGET_NAME)";
				TEST_HOST = "$(BUILT_PRODUCTS_DIR)/anki.app/anki";
			};
			name = Debug;
		};
		EA6810E81A9F338A00DF48F6 /* Release */ = {
			isa = XCBuildConfiguration;
			buildSettings = {
				BUNDLE_LOADER = "$(TEST_HOST)";
				FRAMEWORK_SEARCH_PATHS = (
					"$(SDKROOT)/Developer/Library/Frameworks",
					"$(inherited)",
				);
				INFOPLIST_FILE = ankiTests/Info.plist;
				LD_RUNPATH_SEARCH_PATHS = "$(inherited) @executable_path/Frameworks @loader_path/Frameworks";
				PRODUCT_NAME = "$(TARGET_NAME)";
				TEST_HOST = "$(BUILT_PRODUCTS_DIR)/anki.app/anki";
			};
			name = Release;
		};
/* End XCBuildConfiguration section */

/* Begin XCConfigurationList section */
		EA6810BB1A9F338A00DF48F6 /* Build configuration list for PBXProject "anki" */ = {
			isa = XCConfigurationList;
			buildConfigurations = (
				EA6810E11A9F338A00DF48F6 /* Debug */,
				EA6810E21A9F338A00DF48F6 /* Release */,
			);
			defaultConfigurationIsVisible = 0;
			defaultConfigurationName = Release;
		};
		EA6810E31A9F338A00DF48F6 /* Build configuration list for PBXNativeTarget "anki" */ = {
			isa = XCConfigurationList;
			buildConfigurations = (
				EA6810E41A9F338A00DF48F6 /* Debug */,
				EA6810E51A9F338A00DF48F6 /* Release */,
			);
			defaultConfigurationIsVisible = 0;
			defaultConfigurationName = Release;
		};
		EA6810E61A9F338A00DF48F6 /* Build configuration list for PBXNativeTarget "ankiTests" */ = {
			isa = XCConfigurationList;
			buildConfigurations = (
				EA6810E71A9F338A00DF48F6 /* Debug */,
				EA6810E81A9F338A00DF48F6 /* Release */,
			);
			defaultConfigurationIsVisible = 0;
			defaultConfigurationName = Release;
		};
/* End XCConfigurationList section */
	};
	rootObject = EA6810B81A9F338A00DF48F6 /* Project object */;
}
